
Microsoft Visual Studio Solution File, Format Version 12.00
# Visual Studio 15
VisualStudioVersion = 15.0.27130.2024
MinimumVisualStudioVersion = 10.0.40219.1
Project("{9A19103F-16F7-4668-BE54-9A1E7A4F7556}") = "DataSearch.Tests", "..\DataSearch.Tests\DataSearch.Tests\DataSearch.Tests.csproj", "{9AF9890E-CA1E-4B9F-BABF-26BA6AA73C41}"
EndProject
Project("{FAE04EC0-301F-11D3-BF4B-00C04F79EFBC}") = "DataSearch.Services", "..\DataSearch.Services\DataSearch.Services.csproj", "{5AA750CC-476D-4F1F-98DA-0AC1DBBF2D06}"
EndProject
Project("{FAE04EC0-301F-11D3-BF4B-00C04F79EFBC}") = "DataSearch.Models", "..\DataSearch.Models\DataSearch.Models.csproj", "{8FAD786B-B854-4223-B34E-61D358294A89}"
EndProject
Project("{FAE04EC0-301F-11D3-BF4B-00C04F79EFBC}") = "DataSearch.Repositories", "..\DataSearch.Repositories\DataSearch.Repositories.csproj", "{C948B8C5-DBC0-4109-A667-E52887F4D3A4}"
EndProject
Project("{FAE04EC0-301F-11D3-BF4B-00C04F79EFBC}") = "DataSearch.Console", "..\DataSearch.Console\DataSearch.Console.csproj", "{07F5E1D7-E8F2-484E-968C-6FAA211112BE}"
EndProject
Global
	GlobalSection(SolutionConfigurationPlatforms) = preSolution
		Debug|Any CPU = Debug|Any CPU
		Release|Any CPU = Release|Any CPU
	EndGlobalSection
	GlobalSection(ProjectConfigurationPlatforms) = postSolution
		{9AF9890E-CA1E-4B9F-BABF-26BA6AA73C41}.Debug|Any CPU.ActiveCfg = Debug|Any CPU
		{9AF9890E-CA1E-4B9F-BABF-26BA6AA73C41}.Debug|Any CPU.Build.0 = Debug|Any CPU
		{9AF9890E-CA1E-4B9F-BABF-26BA6AA73C41}.Release|Any CPU.ActiveCfg = Release|Any CPU
		{9AF9890E-CA1E-4B9F-BABF-26BA6AA73C41}.Release|Any CPU.Build.0 = Release|Any CPU
		{5AA750CC-476D-4F1F-98DA-0AC1DBBF2D06}.Debug|Any CPU.ActiveCfg = Debug|Any CPU
		{5AA750CC-476D-4F1F-98DA-0AC1DBBF2D06}.Debug|Any CPU.Build.0 = Debug|Any CPU
		{5AA750CC-476D-4F1F-98DA-0AC1DBBF2D06}.Release|Any CPU.ActiveCfg = Release|Any CPU
		{5AA750CC-476D-4F1F-98DA-0AC1DBBF2D06}.Release|Any CPU.Build.0 = Release|Any CPU
		{8FAD786B-B854-4223-B34E-61D358294A89}.Debug|Any CPU.ActiveCfg = Debug|Any CPU
		{8FAD786B-B854-4223-B34E-61D358294A89}.Debug|Any CPU.Build.0 = Debug|Any CPU
		{8FAD786B-B854-4223-B34E-61D358294A89}.Release|Any CPU.ActiveCfg = Release|Any CPU
		{8FAD786B-B854-4223-B34E-61D358294A89}.Release|Any CPU.Build.0 = Release|Any CPU
		{C948B8C5-DBC0-4109-A667-E52887F4D3A4}.Debug|Any CPU.ActiveCfg = Debug|Any CPU
		{C948B8C5-DBC0-4109-A667-E52887F4D3A4}.Debug|Any CPU.Build.0 = Debug|Any CPU
		{C948B8C5-DBC0-4109-A667-E52887F4D3A4}.Release|Any CPU.ActiveCfg = Release|Any CPU
		{C948B8C5-DBC0-4109-A667-E52887F4D3A4}.Release|Any CPU.Build.0 = Release|Any CPU
		{07F5E1D7-E8F2-484E-968C-6FAA211112BE}.Debug|Any CPU.ActiveCfg = Debug|Any CPU
		{07F5E1D7-E8F2-484E-968C-6FAA211112BE}.Debug|Any CPU.Build.0 = Debug|Any CPU
		{07F5E1D7-E8F2-484E-968C-6FAA211112BE}.Release|Any CPU.ActiveCfg = Release|Any CPU
		{07F5E1D7-E8F2-484E-968C-6FAA211112BE}.Release|Any CPU.Build.0 = Release|Any CPU
	EndGlobalSection
	GlobalSection(SolutionProperties) = preSolution
		HideSolutionNode = FALSE
	EndGlobalSection
	GlobalSection(ExtensibilityGlobals) = postSolution
		SolutionGuid = {589D850F-DBF8-4682-9D7F-F1B883448118}
	EndGlobalSection
EndGlobal
